
Microsoft Visual Studio Solution File, Format Version 12.00
# Visual Studio Version 16
VisualStudioVersion = 16.0.31624.102
MinimumVisualStudioVersion = 10.0.40219.1
Project("{9A19103F-16F7-4668-BE54-9A1E7A4F7556}") = "Mini_analizador_sintáctico", "Mini_analizador_sintáctico.csproj", "{092E1F5F-3D37-4E97-A0B5-38E3FB2FF51C}"
EndProject
Global
	GlobalSection(SolutionConfigurationPlatforms) = preSolution
		Debug|Any CPU = Debug|Any CPU
		Release|Any CPU = Release|Any CPU
	EndGlobalSection
	GlobalSection(ProjectConfigurationPlatforms) = postSolution
		{092E1F5F-3D37-4E97-A0B5-38E3FB2FF51C}.Debug|Any CPU.ActiveCfg = Debug|Any CPU
		{092E1F5F-3D37-4E97-A0B5-38E3FB2FF51C}.Debug|Any CPU.Build.0 = Debug|Any CPU
		{092E1F5F-3D37-4E97-A0B5-38E3FB2FF51C}.Release|Any CPU.ActiveCfg = Release|Any CPU
		{092E1F5F-3D37-4E97-A0B5-38E3FB2FF51C}.Release|Any CPU.Build.0 = Release|Any CPU
	EndGlobalSection
	GlobalSection(SolutionProperties) = preSolution
		HideSolutionNode = FALSE
	EndGlobalSection
	GlobalSection(ExtensibilityGlobals) = postSolution
		SolutionGuid = {942649EC-3709-4E95-BE08-E48A246C5F56}
	EndGlobalSection
EndGlobal
